
Microsoft Visual Studio Solution File, Format Version 12.00
# Visual Studio Version 17
VisualStudioVersion = 17.10.35013.160
MinimumVisualStudioVersion = 10.0.40219.1
Project("{9A19103F-16F7-4668-BE54-9A1E7A4F7556}") = "DiffractionSimulator", "DiffractionSimulator.csproj", "{17478C60-76A7-408A-BDC7-E2365B92A7D7}"
EndProject
Global
	GlobalSection(SolutionConfigurationPlatforms) = preSolution
		Debug|Any CPU = Debug|Any CPU
		Release|Any CPU = Release|Any CPU
	EndGlobalSection
	GlobalSection(ProjectConfigurationPlatforms) = postSolution
		{17478C60-76A7-408A-BDC7-E2365B92A7D7}.Debug|Any CPU.ActiveCfg = Debug|Any CPU
		{17478C60-76A7-408A-BDC7-E2365B92A7D7}.Debug|Any CPU.Build.0 = Debug|Any CPU
		{17478C60-76A7-408A-BDC7-E2365B92A7D7}.Release|Any CPU.ActiveCfg = Release|Any CPU
		{17478C60-76A7-408A-BDC7-E2365B92A7D7}.Release|Any CPU.Build.0 = Release|Any CPU
	EndGlobalSection
	GlobalSection(SolutionProperties) = preSolution
		HideSolutionNode = FALSE
	EndGlobalSection
	GlobalSection(ExtensibilityGlobals) = postSolution
		SolutionGuid = {B38F7820-0653-4293-966F-E2B8EE0D08AD}
	EndGlobalSection
EndGlobal
